
Microsoft Visual Studio Solution File, Format Version 11.00
# Visual Studio 2010
Project("{FAE04EC0-301F-11D3-BF4B-00C04F79EFBC}") = "Assembly-CSharp", "Assembly-CSharp.csproj", "{2658DDB3-0708-DD19-B8A9-93F499E78F05}"
EndProject
Project("{FAE04EC0-301F-11D3-BF4B-00C04F79EFBC}") = "Assembly-CSharp-Editor", "Assembly-CSharp-Editor.csproj", "{E20B6B51-7619-6353-9FC7-BC49B74ECE3F}"
EndProject
Global
	GlobalSection(SolutionConfigurationPlatforms) = preSolution
		Debug|Any CPU = Debug|Any CPU
		Release|Any CPU = Release|Any CPU
	EndGlobalSection
	GlobalSection(ProjectConfigurationPlatforms) = postSolution
		{2658DDB3-0708-DD19-B8A9-93F499E78F05}.Debug|Any CPU.ActiveCfg = Debug|Any CPU
		{2658DDB3-0708-DD19-B8A9-93F499E78F05}.Debug|Any CPU.Build.0 = Debug|Any CPU
		{2658DDB3-0708-DD19-B8A9-93F499E78F05}.Release|Any CPU.ActiveCfg = Release|Any CPU
		{2658DDB3-0708-DD19-B8A9-93F499E78F05}.Release|Any CPU.Build.0 = Release|Any CPU
		{E20B6B51-7619-6353-9FC7-BC49B74ECE3F}.Debug|Any CPU.ActiveCfg = Debug|Any CPU
		{E20B6B51-7619-6353-9FC7-BC49B74ECE3F}.Debug|Any CPU.Build.0 = Debug|Any CPU
		{E20B6B51-7619-6353-9FC7-BC49B74ECE3F}.Release|Any CPU.ActiveCfg = Release|Any CPU
		{E20B6B51-7619-6353-9FC7-BC49B74ECE3F}.Release|Any CPU.Build.0 = Release|Any CPU
	EndGlobalSection
	GlobalSection(SolutionProperties) = preSolution
		HideSolutionNode = FALSE
	EndGlobalSection
	GlobalSection(MonoDevelopProperties) = preSolution
		StartupItem = Assembly-CSharp.csproj
	EndGlobalSection
EndGlobal
